// !$*UTF8*$!
{
	archiveVersion = 1;
	classes = {
	};
	objectVersion = 50;
	objects = {

/* Begin PBXBuildFile section */
		8E430B942525154700D9B469 /* bankoApp.swift in Sources */ = {isa = PBXBuildFile; fileRef = 8E430B932525154700D9B469 /* bankoApp.swift */; };
		8E430B962525154700D9B469 /* ContentView.swift in Sources */ = {isa = PBXBuildFile; fileRef = 8E430B952525154700D9B469 /* ContentView.swift */; };
		8E430B982525154900D9B469 /* Assets.xcassets in Resources */ = {isa = PBXBuildFile; fileRef = 8E430B972525154900D9B469 /* Assets.xcassets */; };
		8E430B9B2525154900D9B469 /* Preview Assets.xcassets in Resources */ = {isa = PBXBuildFile; fileRef = 8E430B9A2525154900D9B469 /* Preview Assets.xcassets */; };
		8E430BA5252515AC00D9B469 /* LinkKit.framework in Frameworks */ = {isa = PBXBuildFile; fileRef = 8E430BA4252515AC00D9B469 /* LinkKit.framework */; };
		8E430BA6252515AC00D9B469 /* LinkKit.framework in Embed Frameworks */ = {isa = PBXBuildFile; fileRef = 8E430BA4252515AC00D9B469 /* LinkKit.framework */; settings = {ATTRIBUTES = (CodeSignOnCopy, RemoveHeadersOnCopy, ); }; };
		8E430BB0252515EA00D9B469 /* API.swift in Sources */ = {isa = PBXBuildFile; fileRef = 8E430BA9252515EA00D9B469 /* API.swift */; };
		8E430BB1252515EA00D9B469 /* ProfileView.swift in Sources */ = {isa = PBXBuildFile; fileRef = 8E430BAB252515EA00D9B469 /* ProfileView.swift */; };
		8E430BB2252515EA00D9B469 /* LoginView.swift in Sources */ = {isa = PBXBuildFile; fileRef = 8E430BAC252515EA00D9B469 /* LoginView.swift */; };
		8E430BB3252515EA00D9B469 /* SignUpView.swift in Sources */ = {isa = PBXBuildFile; fileRef = 8E430BAD252515EA00D9B469 /* SignUpView.swift */; };
		8E430BB4252515EA00D9B469 /* APIModels.swift in Sources */ = {isa = PBXBuildFile; fileRef = 8E430BAF252515EA00D9B469 /* APIModels.swift */; };
		8E430BB625251D9100D9B469 /* LinkView.swift in Sources */ = {isa = PBXBuildFile; fileRef = 8E430BB525251D9000D9B469 /* LinkView.swift */; };
		8E430BB8252613CC00D9B469 /* APIModels+Link.swift in Sources */ = {isa = PBXBuildFile; fileRef = 8E430BB7252613CC00D9B469 /* APIModels+Link.swift */; };
		8E430BBA2527751900D9B469 /* ActivityIndicator.swift in Sources */ = {isa = PBXBuildFile; fileRef = 8E430BB92527751900D9B469 /* ActivityIndicator.swift */; };
		8E430BBC2527756F00D9B469 /* AppView.swift in Sources */ = {isa = PBXBuildFile; fileRef = 8E430BBB2527756F00D9B469 /* AppView.swift */; };
		8E430BBE2527F01E00D9B469 /* SummaryView.swift in Sources */ = {isa = PBXBuildFile; fileRef = 8E430BBD2527F01E00D9B469 /* SummaryView.swift */; };
		8E430BC02527F45600D9B469 /* ExpensesView.swift in Sources */ = {isa = PBXBuildFile; fileRef = 8E430BBF2527F45600D9B469 /* ExpensesView.swift */; };
		8E430BC2252809BF00D9B469 /* AccountView.swift in Sources */ = {isa = PBXBuildFile; fileRef = 8E430BC1252809BF00D9B469 /* AccountView.swift */; };
		8E430BC52529105200D9B469 /* ExternalAccessory.framework in Frameworks */ = {isa = PBXBuildFile; fileRef = 8E430BC42529105200D9B469 /* ExternalAccessory.framework */; };
		8E72BF3F252CBB6500D46BB6 /* InstitutionView.swift in Sources */ = {isa = PBXBuildFile; fileRef = 8E72BF3E252CBB6500D46BB6 /* InstitutionView.swift */; };
		8E92447F252D21D600EBB7D8 /* APIModels+Item.swift in Sources */ = {isa = PBXBuildFile; fileRef = 8E92447E252D21D600EBB7D8 /* APIModels+Item.swift */; };
		8E924481252D222300EBB7D8 /* APIModels+Institution.swift in Sources */ = {isa = PBXBuildFile; fileRef = 8E924480252D222300EBB7D8 /* APIModels+Institution.swift */; };
		8E924483252D22C200EBB7D8 /* APIModels+Account.swift in Sources */ = {isa = PBXBuildFile; fileRef = 8E924482252D22C200EBB7D8 /* APIModels+Account.swift */; };
/* End PBXBuildFile section */

/* Begin PBXCopyFilesBuildPhase section */
		8E430BA7252515AC00D9B469 /* Embed Frameworks */ = {
			isa = PBXCopyFilesBuildPhase;
			buildActionMask = 2147483647;
			dstPath = "";
			dstSubfolderSpec = 10;
			files = (
				8E430BA6252515AC00D9B469 /* LinkKit.framework in Embed Frameworks */,
			);
			name = "Embed Frameworks";
			runOnlyForDeploymentPostprocessing = 0;
		};
/* End PBXCopyFilesBuildPhase section */

/* Begin PBXFileReference section */
		8E430B902525154700D9B469 /* banko.app */ = {isa = PBXFileReference; explicitFileType = wrapper.application; includeInIndex = 0; path = banko.app; sourceTree = BUILT_PRODUCTS_DIR; };
		8E430B932525154700D9B469 /* bankoApp.swift */ = {isa = PBXFileReference; lastKnownFileType = sourcecode.swift; path = bankoApp.swift; sourceTree = "<group>"; };
		8E430B952525154700D9B469 /* ContentView.swift */ = {isa = PBXFileReference; lastKnownFileType = sourcecode.swift; path = ContentView.swift; sourceTree = "<group>"; };
		8E430B972525154900D9B469 /* Assets.xcassets */ = {isa = PBXFileReference; lastKnownFileType = folder.assetcatalog; path = Assets.xcassets; sourceTree = "<group>"; };
		8E430B9A2525154900D9B469 /* Preview Assets.xcassets */ = {isa = PBXFileReference; lastKnownFileType = folder.assetcatalog; path = "Preview Assets.xcassets"; sourceTree = "<group>"; };
		8E430B9C2525154900D9B469 /* Info.plist */ = {isa = PBXFileReference; lastKnownFileType = text.plist.xml; path = Info.plist; sourceTree = "<group>"; };
		8E430BA4252515AC00D9B469 /* LinkKit.framework */ = {isa = PBXFileReference; lastKnownFileType = wrapper.framework; name = LinkKit.framework; path = Frameworks/LinkKit.framework; sourceTree = "<group>"; };
		8E430BA9252515EA00D9B469 /* API.swift */ = {isa = PBXFileReference; fileEncoding = 4; lastKnownFileType = sourcecode.swift; path = API.swift; sourceTree = "<group>"; };
		8E430BAB252515EA00D9B469 /* ProfileView.swift */ = {isa = PBXFileReference; fileEncoding = 4; lastKnownFileType = sourcecode.swift; path = ProfileView.swift; sourceTree = "<group>"; };
		8E430BAC252515EA00D9B469 /* LoginView.swift */ = {isa = PBXFileReference; fileEncoding = 4; lastKnownFileType = sourcecode.swift; path = LoginView.swift; sourceTree = "<group>"; };
		8E430BAD252515EA00D9B469 /* SignUpView.swift */ = {isa = PBXFileReference; fileEncoding = 4; lastKnownFileType = sourcecode.swift; path = SignUpView.swift; sourceTree = "<group>"; };
		8E430BAF252515EA00D9B469 /* APIModels.swift */ = {isa = PBXFileReference; fileEncoding = 4; lastKnownFileType = sourcecode.swift; path = APIModels.swift; sourceTree = "<group>"; };
		8E430BB525251D9000D9B469 /* LinkView.swift */ = {isa = PBXFileReference; lastKnownFileType = sourcecode.swift; path = LinkView.swift; sourceTree = "<group>"; };
		8E430BB7252613CC00D9B469 /* APIModels+Link.swift */ = {isa = PBXFileReference; lastKnownFileType = sourcecode.swift; path = "APIModels+Link.swift"; sourceTree = "<group>"; };
		8E430BB92527751900D9B469 /* ActivityIndicator.swift */ = {isa = PBXFileReference; lastKnownFileType = sourcecode.swift; path = ActivityIndicator.swift; sourceTree = "<group>"; };
		8E430BBB2527756F00D9B469 /* AppView.swift */ = {isa = PBXFileReference; lastKnownFileType = sourcecode.swift; path = AppView.swift; sourceTree = "<group>"; };
		8E430BBD2527F01E00D9B469 /* SummaryView.swift */ = {isa = PBXFileReference; lastKnownFileType = sourcecode.swift; path = SummaryView.swift; sourceTree = "<group>"; };
		8E430BBF2527F45600D9B469 /* ExpensesView.swift */ = {isa = PBXFileReference; lastKnownFileType = sourcecode.swift; path = ExpensesView.swift; sourceTree = "<group>"; };
		8E430BC1252809BF00D9B469 /* AccountView.swift */ = {isa = PBXFileReference; lastKnownFileType = sourcecode.swift; path = AccountView.swift; sourceTree = "<group>"; };
		8E430BC32529105200D9B469 /* banko.entitlements */ = {isa = PBXFileReference; lastKnownFileType = text.plist.entitlements; path = banko.entitlements; sourceTree = "<group>"; };
		8E430BC42529105200D9B469 /* ExternalAccessory.framework */ = {isa = PBXFileReference; lastKnownFileType = wrapper.framework; name = ExternalAccessory.framework; path = System/Library/Frameworks/ExternalAccessory.framework; sourceTree = SDKROOT; };
		8E72BF3E252CBB6500D46BB6 /* InstitutionView.swift */ = {isa = PBXFileReference; lastKnownFileType = sourcecode.swift; path = InstitutionView.swift; sourceTree = "<group>"; };
		8E92447E252D21D600EBB7D8 /* APIModels+Item.swift */ = {isa = PBXFileReference; lastKnownFileType = sourcecode.swift; path = "APIModels+Item.swift"; sourceTree = "<group>"; };
		8E924480252D222300EBB7D8 /* APIModels+Institution.swift */ = {isa = PBXFileReference; lastKnownFileType = sourcecode.swift; path = "APIModels+Institution.swift"; sourceTree = "<group>"; };
		8E924482252D22C200EBB7D8 /* APIModels+Account.swift */ = {isa = PBXFileReference; lastKnownFileType = sourcecode.swift; path = "APIModels+Account.swift"; sourceTree = "<group>"; };
/* End PBXFileReference section */

/* Begin PBXFrameworksBuildPhase section */
		8E430B8D2525154700D9B469 /* Frameworks */ = {
			isa = PBXFrameworksBuildPhase;
			buildActionMask = 2147483647;
			files = (
				8E430BC52529105200D9B469 /* ExternalAccessory.framework in Frameworks */,
				8E430BA5252515AC00D9B469 /* LinkKit.framework in Frameworks */,
			);
			runOnlyForDeploymentPostprocessing = 0;
		};
/* End PBXFrameworksBuildPhase section */

/* Begin PBXGroup section */
		8E430B872525154700D9B469 = {
			isa = PBXGroup;
			children = (
				8E430B922525154700D9B469 /* banko */,
				8E430B912525154700D9B469 /* Products */,
				8E430BA3252515AC00D9B469 /* Frameworks */,
			);
			sourceTree = "<group>";
		};
		8E430B912525154700D9B469 /* Products */ = {
			isa = PBXGroup;
			children = (
				8E430B902525154700D9B469 /* banko.app */,
			);
			name = Products;
			sourceTree = "<group>";
		};
		8E430B922525154700D9B469 /* banko */ = {
			isa = PBXGroup;
			children = (
				8E430BC32529105200D9B469 /* banko.entitlements */,
				8E430BA8252515EA00D9B469 /* API */,
				8E430BAE252515EA00D9B469 /* Models */,
				8E430BAA252515EA00D9B469 /* Views */,
				8E430B932525154700D9B469 /* bankoApp.swift */,
				8E430B952525154700D9B469 /* ContentView.swift */,
				8E430B972525154900D9B469 /* Assets.xcassets */,
				8E430B9C2525154900D9B469 /* Info.plist */,
				8E430B992525154900D9B469 /* Preview Content */,
			);
			path = banko;
			sourceTree = "<group>";
		};
		8E430B992525154900D9B469 /* Preview Content */ = {
			isa = PBXGroup;
			children = (
				8E430B9A2525154900D9B469 /* Preview Assets.xcassets */,
			);
			path = "Preview Content";
			sourceTree = "<group>";
		};
		8E430BA3252515AC00D9B469 /* Frameworks */ = {
			isa = PBXGroup;
			children = (
				8E430BC42529105200D9B469 /* ExternalAccessory.framework */,
				8E430BA4252515AC00D9B469 /* LinkKit.framework */,
			);
			name = Frameworks;
			sourceTree = "<group>";
		};
		8E430BA8252515EA00D9B469 /* API */ = {
			isa = PBXGroup;
			children = (
				8E430BA9252515EA00D9B469 /* API.swift */,
			);
			path = API;
			sourceTree = SOURCE_ROOT;
		};
		8E430BAA252515EA00D9B469 /* Views */ = {
			isa = PBXGroup;
			children = (
				8E430BBB2527756F00D9B469 /* AppView.swift */,
				8E72BF3E252CBB6500D46BB6 /* InstitutionView.swift */,
				8E430BBF2527F45600D9B469 /* ExpensesView.swift */,
				8E430BBD2527F01E00D9B469 /* SummaryView.swift */,
				8E430BAC252515EA00D9B469 /* LoginView.swift */,
				8E430BAD252515EA00D9B469 /* SignUpView.swift */,
				8E430BAB252515EA00D9B469 /* ProfileView.swift */,
				8E430BC1252809BF00D9B469 /* AccountView.swift */,
				8E430BB525251D9000D9B469 /* LinkView.swift */,
				8E430BB92527751900D9B469 /* ActivityIndicator.swift */,
			);
			path = Views;
			sourceTree = SOURCE_ROOT;
		};
		8E430BAE252515EA00D9B469 /* Models */ = {
			isa = PBXGroup;
			children = (
				8E430BAF252515EA00D9B469 /* APIModels.swift */,
				8E430BB7252613CC00D9B469 /* APIModels+Link.swift */,
				8E924482252D22C200EBB7D8 /* APIModels+Account.swift */,
				8E924480252D222300EBB7D8 /* APIModels+Institution.swift */,
				8E92447E252D21D600EBB7D8 /* APIModels+Item.swift */,
			);
			path = Models;
			sourceTree = SOURCE_ROOT;
		};
/* End PBXGroup section */

/* Begin PBXNativeTarget section */
		8E430B8F2525154700D9B469 /* banko */ = {
			isa = PBXNativeTarget;
			buildConfigurationList = 8E430B9F2525154900D9B469 /* Build configuration list for PBXNativeTarget "banko" */;
			buildPhases = (
				8E430B8C2525154700D9B469 /* Sources */,
				8E430B8D2525154700D9B469 /* Frameworks */,
				8E430B8E2525154700D9B469 /* Resources */,
				8E430BA7252515AC00D9B469 /* Embed Frameworks */,
			);
			buildRules = (
			);
			dependencies = (
			);
			name = banko;
			productName = banko;
			productReference = 8E430B902525154700D9B469 /* banko.app */;
			productType = "com.apple.product-type.application";
		};
/* End PBXNativeTarget section */

/* Begin PBXProject section */
		8E430B882525154700D9B469 /* Project object */ = {
			isa = PBXProject;
			attributes = {
				LastSwiftUpdateCheck = 1200;
				LastUpgradeCheck = 1200;
				TargetAttributes = {
					8E430B8F2525154700D9B469 = {
						CreatedOnToolsVersion = 12.0;
					};
				};
			};
			buildConfigurationList = 8E430B8B2525154700D9B469 /* Build configuration list for PBXProject "banko" */;
			compatibilityVersion = "Xcode 9.3";
			developmentRegion = en;
			hasScannedForEncodings = 0;
			knownRegions = (
				en,
				Base,
			);
			mainGroup = 8E430B872525154700D9B469;
			productRefGroup = 8E430B912525154700D9B469 /* Products */;
			projectDirPath = "";
			projectRoot = "";
			targets = (
				8E430B8F2525154700D9B469 /* banko */,
			);
		};
/* End PBXProject section */

/* Begin PBXResourcesBuildPhase section */
		8E430B8E2525154700D9B469 /* Resources */ = {
			isa = PBXResourcesBuildPhase;
			buildActionMask = 2147483647;
			files = (
				8E430B9B2525154900D9B469 /* Preview Assets.xcassets in Resources */,
				8E430B982525154900D9B469 /* Assets.xcassets in Resources */,
			);
			runOnlyForDeploymentPostprocessing = 0;
		};
/* End PBXResourcesBuildPhase section */

/* Begin PBXSourcesBuildPhase section */
		8E430B8C2525154700D9B469 /* Sources */ = {
			isa = PBXSourcesBuildPhase;
			buildActionMask = 2147483647;
			files = (
				8E924483252D22C200EBB7D8 /* APIModels+Account.swift in Sources */,
				8E924481252D222300EBB7D8 /* APIModels+Institution.swift in Sources */,
				8E430BB1252515EA00D9B469 /* ProfileView.swift in Sources */,
				8E430B962525154700D9B469 /* ContentView.swift in Sources */,
				8E430BB625251D9100D9B469 /* LinkView.swift in Sources */,
				8E430BB8252613CC00D9B469 /* APIModels+Link.swift in Sources */,
				8E430BC2252809BF00D9B469 /* AccountView.swift in Sources */,
				8E430BBC2527756F00D9B469 /* AppView.swift in Sources */,
				8E430BBE2527F01E00D9B469 /* SummaryView.swift in Sources */,
				8E430BB0252515EA00D9B469 /* API.swift in Sources */,
				8E92447F252D21D600EBB7D8 /* APIModels+Item.swift in Sources */,
				8E430BB4252515EA00D9B469 /* APIModels.swift in Sources */,
				8E430BBA2527751900D9B469 /* ActivityIndicator.swift in Sources */,
				8E430BB2252515EA00D9B469 /* LoginView.swift in Sources */,
				8E72BF3F252CBB6500D46BB6 /* InstitutionView.swift in Sources */,
				8E430BB3252515EA00D9B469 /* SignUpView.swift in Sources */,
				8E430B942525154700D9B469 /* bankoApp.swift in Sources */,
				8E430BC02527F45600D9B469 /* ExpensesView.swift in Sources */,
			);
			runOnlyForDeploymentPostprocessing = 0;
		};
/* End PBXSourcesBuildPhase section */

/* Begin XCBuildConfiguration section */
		8E430B9D2525154900D9B469 /* Debug */ = {
			isa = XCBuildConfiguration;
			buildSettings = {
				ALWAYS_SEARCH_USER_PATHS = NO;
				CLANG_ANALYZER_NONNULL = YES;
				CLANG_ANALYZER_NUMBER_OBJECT_CONVERSION = YES_AGGRESSIVE;
				CLANG_CXX_LANGUAGE_STANDARD = "gnu++14";
				CLANG_CXX_LIBRARY = "libc++";
				CLANG_ENABLE_MODULES = YES;
				CLANG_ENABLE_OBJC_ARC = YES;
				CLANG_ENABLE_OBJC_WEAK = YES;
				CLANG_WARN_BLOCK_CAPTURE_AUTORELEASING = YES;
				CLANG_WARN_BOOL_CONVERSION = YES;
				CLANG_WARN_COMMA = YES;
				CLANG_WARN_CONSTANT_CONVERSION = YES;
				CLANG_WARN_DEPRECATED_OBJC_IMPLEMENTATIONS = YES;
				CLANG_WARN_DIRECT_OBJC_ISA_USAGE = YES_ERROR;
				CLANG_WARN_DOCUMENTATION_COMMENTS = YES;
				CLANG_WARN_EMPTY_BODY = YES;
				CLANG_WARN_ENUM_CONVERSION = YES;
				CLANG_WARN_INFINITE_RECURSION = YES;
				CLANG_WARN_INT_CONVERSION = YES;
				CLANG_WARN_NON_LITERAL_NULL_CONVERSION = YES;
				CLANG_WARN_OBJC_IMPLICIT_RETAIN_SELF = YES;
				CLANG_WARN_OBJC_LITERAL_CONVERSION = YES;
				CLANG_WARN_OBJC_ROOT_CLASS = YES_ERROR;
				CLANG_WARN_QUOTED_INCLUDE_IN_FRAMEWORK_HEADER = YES;
				CLANG_WARN_RANGE_LOOP_ANALYSIS = YES;
				CLANG_WARN_STRICT_PROTOTYPES = YES;
				CLANG_WARN_SUSPICIOUS_MOVE = YES;
				CLANG_WARN_UNGUARDED_AVAILABILITY = YES_AGGRESSIVE;
				CLANG_WARN_UNREACHABLE_CODE = YES;
				CLANG_WARN__DUPLICATE_METHOD_MATCH = YES;
				COPY_PHASE_STRIP = NO;
				DEBUG_INFORMATION_FORMAT = dwarf;
				ENABLE_STRICT_OBJC_MSGSEND = YES;
				ENABLE_TESTABILITY = YES;
				GCC_C_LANGUAGE_STANDARD = gnu11;
				GCC_DYNAMIC_NO_PIC = NO;
				GCC_NO_COMMON_BLOCKS = YES;
				GCC_OPTIMIZATION_LEVEL = 0;
				GCC_PREPROCESSOR_DEFINITIONS = (
					"DEBUG=1",
					"$(inherited)",
				);
				GCC_WARN_64_TO_32_BIT_CONVERSION = YES;
				GCC_WARN_ABOUT_RETURN_TYPE = YES_ERROR;
				GCC_WARN_UNDECLARED_SELECTOR = YES;
				GCC_WARN_UNINITIALIZED_AUTOS = YES_AGGRESSIVE;
				GCC_WARN_UNUSED_FUNCTION = YES;
				GCC_WARN_UNUSED_VARIABLE = YES;
				IPHONEOS_DEPLOYMENT_TARGET = 14.0;
				MTL_ENABLE_DEBUG_INFO = INCLUDE_SOURCE;
				MTL_FAST_MATH = YES;
				ONLY_ACTIVE_ARCH = YES;
				SDKROOT = iphoneos;
				SWIFT_ACTIVE_COMPILATION_CONDITIONS = DEBUG;
				SWIFT_OPTIMIZATION_LEVEL = "-Onone";
			};
			name = Debug;
		};
		8E430B9E2525154900D9B469 /* Release */ = {
			isa = XCBuildConfiguration;
			buildSettings = {
				ALWAYS_SEARCH_USER_PATHS = NO;
				CLANG_ANALYZER_NONNULL = YES;
				CLANG_ANALYZER_NUMBER_OBJECT_CONVERSION = YES_AGGRESSIVE;
				CLANG_CXX_LANGUAGE_STANDARD = "gnu++14";
				CLANG_CXX_LIBRARY = "libc++";
				CLANG_ENABLE_MODULES = YES;
				CLANG_ENABLE_OBJC_ARC = YES;
				CLANG_ENABLE_OBJC_WEAK = YES;
				CLANG_WARN_BLOCK_CAPTURE_AUTORELEASING = YES;
				CLANG_WARN_BOOL_CONVERSION = YES;
				CLANG_WARN_COMMA = YES;
				CLANG_WARN_CONSTANT_CONVERSION = YES;
				CLANG_WARN_DEPRECATED_OBJC_IMPLEMENTATIONS = YES;
				CLANG_WARN_DIRECT_OBJC_ISA_USAGE = YES_ERROR;
				CLANG_WARN_DOCUMENTATION_COMMENTS = YES;
				CLANG_WARN_EMPTY_BODY = YES;
				CLANG_WARN_ENUM_CONVERSION = YES;
				CLANG_WARN_INFINITE_RECURSION = YES;
				CLANG_WARN_INT_CONVERSION = YES;
				CLANG_WARN_NON_LITERAL_NULL_CONVERSION = YES;
				CLANG_WARN_OBJC_IMPLICIT_RETAIN_SELF = YES;
				CLANG_WARN_OBJC_LITERAL_CONVERSION = YES;
				CLANG_WARN_OBJC_ROOT_CLASS = YES_ERROR;
				CLANG_WARN_QUOTED_INCLUDE_IN_FRAMEWORK_HEADER = YES;
				CLANG_WARN_RANGE_LOOP_ANALYSIS = YES;
				CLANG_WARN_STRICT_PROTOTYPES = YES;
				CLANG_WARN_SUSPICIOUS_MOVE = YES;
				CLANG_WARN_UNGUARDED_AVAILABILITY = YES_AGGRESSIVE;
				CLANG_WARN_UNREACHABLE_CODE = YES;
				CLANG_WARN__DUPLICATE_METHOD_MATCH = YES;
				COPY_PHASE_STRIP = NO;
				DEBUG_INFORMATION_FORMAT = "dwarf-with-dsym";
				ENABLE_NS_ASSERTIONS = NO;
				ENABLE_STRICT_OBJC_MSGSEND = YES;
				GCC_C_LANGUAGE_STANDARD = gnu11;
				GCC_NO_COMMON_BLOCKS = YES;
				GCC_WARN_64_TO_32_BIT_CONVERSION = YES;
				GCC_WARN_ABOUT_RETURN_TYPE = YES_ERROR;
				GCC_WARN_UNDECLARED_SELECTOR = YES;
				GCC_WARN_UNINITIALIZED_AUTOS = YES_AGGRESSIVE;
				GCC_WARN_UNUSED_FUNCTION = YES;
				GCC_WARN_UNUSED_VARIABLE = YES;
				IPHONEOS_DEPLOYMENT_TARGET = 14.0;
				MTL_ENABLE_DEBUG_INFO = NO;
				MTL_FAST_MATH = YES;
				SDKROOT = iphoneos;
				SWIFT_COMPILATION_MODE = wholemodule;
				SWIFT_OPTIMIZATION_LEVEL = "-O";
				VALIDATE_PRODUCT = YES;
			};
			name = Release;
		};
		8E430BA02525154900D9B469 /* Debug */ = {
			isa = XCBuildConfiguration;
			buildSettings = {
				ASSETCATALOG_COMPILER_APPICON_NAME = AppIcon;
				ASSETCATALOG_COMPILER_GLOBAL_ACCENT_COLOR_NAME = AccentColor;
				CODE_SIGN_ENTITLEMENTS = banko/banko.entitlements;
				CODE_SIGN_STYLE = Automatic;
				DEVELOPMENT_ASSET_PATHS = "\"banko/Preview Content\"";
				DEVELOPMENT_TEAM = GRP7VM337T;
				ENABLE_PREVIEWS = YES;
				FRAMEWORK_SEARCH_PATHS = (
					"$(inherited)",
					"$(PROJECT_DIR)/Frameworks",
				);
				INFOPLIST_FILE = banko/Info.plist;
				IPHONEOS_DEPLOYMENT_TARGET = 14.0;
				LD_RUNPATH_SEARCH_PATHS = (
					"$(inherited)",
					"@executable_path/Frameworks",
				);
				PRODUCT_BUNDLE_IDENTIFIER = com.hardflip.banko;
				PRODUCT_NAME = "$(TARGET_NAME)";
				SWIFT_VERSION = 5.0;
				TARGETED_DEVICE_FAMILY = "1,2";
			};
			name = Debug;
		};
		8E430BA12525154900D9B469 /* Release */ = {
			isa = XCBuildConfiguration;
			buildSettings = {
				ASSETCATALOG_COMPILER_APPICON_NAME = AppIcon;
				ASSETCATALOG_COMPILER_GLOBAL_ACCENT_COLOR_NAME = AccentColor;
				CODE_SIGN_ENTITLEMENTS = banko/banko.entitlements;
				CODE_SIGN_STYLE = Automatic;
				DEVELOPMENT_ASSET_PATHS = "\"banko/Preview Content\"";
				DEVELOPMENT_TEAM = GRP7VM337T;
				ENABLE_PREVIEWS = YES;
				FRAMEWORK_SEARCH_PATHS = (
					"$(inherited)",
					"$(PROJECT_DIR)/Frameworks",
				);
				INFOPLIST_FILE = banko/Info.plist;
				IPHONEOS_DEPLOYMENT_TARGET = 14.0;
				LD_RUNPATH_SEARCH_PATHS = (
					"$(inherited)",
					"@executable_path/Frameworks",
				);
				PRODUCT_BUNDLE_IDENTIFIER = com.hardflip.banko;
				PRODUCT_NAME = "$(TARGET_NAME)";
				SWIFT_VERSION = 5.0;
				TARGETED_DEVICE_FAMILY = "1,2";
			};
			name = Release;
		};
/* End XCBuildConfiguration section */

/* Begin XCConfigurationList section */
		8E430B8B2525154700D9B469 /* Build configuration list for PBXProject "banko" */ = {
			isa = XCConfigurationList;
			buildConfigurations = (
				8E430B9D2525154900D9B469 /* Debug */,
				8E430B9E2525154900D9B469 /* Release */,
			);
			defaultConfigurationIsVisible = 0;
			defaultConfigurationName = Release;
		};
		8E430B9F2525154900D9B469 /* Build configuration list for PBXNativeTarget "banko" */ = {
			isa = XCConfigurationList;
			buildConfigurations = (
				8E430BA02525154900D9B469 /* Debug */,
				8E430BA12525154900D9B469 /* Release */,
			);
			defaultConfigurationIsVisible = 0;
			defaultConfigurationName = Release;
		};
/* End XCConfigurationList section */
	};
	rootObject = 8E430B882525154700D9B469 /* Project object */;
}
